{
  "name": "@irvingjs/aws-lambda",
  "version": "6.1.0-beta.0",
  "lockfileVersion": 1,
  "requires": true,
  "dependencies": {
    "@types/aws-lambda": {
      "version": "8.10.57",
      "resolved": "https://registry.npmjs.org/@types/aws-lambda/-/aws-lambda-8.10.57.tgz",
      "integrity": "sha512-LMOA9bJLerYoe2KvzHugfaLTa0jUPWrqwxq5VUZ/ZuAMKLJm6oNdCio38vw8jWEIAkPR3P6mBIwnU1DPgelAKg==",
      "optional": true
    },
    "serverless-http": {
      "version": "2.5.0",
      "resolved": "https://registry.npmjs.org/serverless-http/-/serverless-http-2.5.0.tgz",
      "integrity": "sha512-p0c1aTQ7mLZEtQkaP+K/zT4zFUY1YZs+mRlw/Q0yl+HptJL6IOLLylx6WXXFlQoH5+uUibivRzBbNotatvqDkg==",
      "requires": {
        "@types/aws-lambda": "^8.10.19"
      }
    }
  }
}
